
Microsoft Visual Studio Solution File, Format Version 12.00
# Visual Studio Version 16
VisualStudioVersion = 16.0.30907.101
MinimumVisualStudioVersion = 10.0.40219.1
Project("{FAE04EC0-301F-11D3-BF4B-00C04F79EFBC}") = "Compilador", "Compilador\Compilador.csproj", "{58B18E0B-98E7-498A-A265-F492DB603C0D}"
EndProject
Global
	GlobalSection(SolutionConfigurationPlatforms) = preSolution
		Debug|Any CPU = Debug|Any CPU
		Release|Any CPU = Release|Any CPU
	EndGlobalSection
	GlobalSection(ProjectConfigurationPlatforms) = postSolution
		{58B18E0B-98E7-498A-A265-F492DB603C0D}.Debug|Any CPU.ActiveCfg = Debug|Any CPU
		{58B18E0B-98E7-498A-A265-F492DB603C0D}.Debug|Any CPU.Build.0 = Debug|Any CPU
		{58B18E0B-98E7-498A-A265-F492DB603C0D}.Release|Any CPU.ActiveCfg = Release|Any CPU
		{58B18E0B-98E7-498A-A265-F492DB603C0D}.Release|Any CPU.Build.0 = Release|Any CPU
	EndGlobalSection
	GlobalSection(SolutionProperties) = preSolution
		HideSolutionNode = FALSE
	EndGlobalSection
	GlobalSection(ExtensibilityGlobals) = postSolution
		SolutionGuid = {A4D592C1-5A1E-43EF-9EF1-4F77B11EDB87}
	EndGlobalSection
EndGlobal
